// !$*UTF8*$!
{
	archiveVersion = 1;
	classes = {
	};
	objectVersion = 56;
	objects = {

/* Begin PBXBuildFile section */
		E48167A429AF8AF700BBBB1C /* Navigation in Frameworks */ = {isa = PBXBuildFile; productRef = E48167A329AF8AF700BBBB1C /* Navigation */; };
		E48167A729AF8FF500BBBB1C /* AppDestinationViewer.swift in Sources */ = {isa = PBXBuildFile; fileRef = E48167A629AF8FF500BBBB1C /* AppDestinationViewer.swift */; };
		E48167AA29AF903300BBBB1C /* DashboardView.swift in Sources */ = {isa = PBXBuildFile; fileRef = E48167A929AF903300BBBB1C /* DashboardView.swift */; };
		E48167AD29AF904700BBBB1C /* ProfileView.swift in Sources */ = {isa = PBXBuildFile; fileRef = E48167AC29AF904700BBBB1C /* ProfileView.swift */; };
		E48167B029AF905E00BBBB1C /* CoinDetailView.swift in Sources */ = {isa = PBXBuildFile; fileRef = E48167AF29AF905E00BBBB1C /* CoinDetailView.swift */; };
		E48167B329AF95EA00BBBB1C /* TabBarView.swift in Sources */ = {isa = PBXBuildFile; fileRef = E48167B229AF95EA00BBBB1C /* TabBarView.swift */; };
		E48167B529AF95F800BBBB1C /* TabBarViewModel.swift in Sources */ = {isa = PBXBuildFile; fileRef = E48167B429AF95F800BBBB1C /* TabBarViewModel.swift */; };
		E4C54D7729A8AF490060F4DB /* CryptoCurrencyApp.swift in Sources */ = {isa = PBXBuildFile; fileRef = E4C54D7629A8AF490060F4DB /* CryptoCurrencyApp.swift */; };
		E4C54D7929A8AF490060F4DB /* ContentView.swift in Sources */ = {isa = PBXBuildFile; fileRef = E4C54D7829A8AF490060F4DB /* ContentView.swift */; };
		E4C54D7B29A8AF4B0060F4DB /* Assets.xcassets in Resources */ = {isa = PBXBuildFile; fileRef = E4C54D7A29A8AF4B0060F4DB /* Assets.xcassets */; };
		E4C54D7E29A8AF4B0060F4DB /* Preview Assets.xcassets in Resources */ = {isa = PBXBuildFile; fileRef = E4C54D7D29A8AF4B0060F4DB /* Preview Assets.xcassets */; };
		E4C54D8829A8AF4B0060F4DB /* CryptoCurrencyTests.swift in Sources */ = {isa = PBXBuildFile; fileRef = E4C54D8729A8AF4B0060F4DB /* CryptoCurrencyTests.swift */; };
		E4C54D9229A8AF4C0060F4DB /* CryptoCurrencyUITests.swift in Sources */ = {isa = PBXBuildFile; fileRef = E4C54D9129A8AF4C0060F4DB /* CryptoCurrencyUITests.swift */; };
		E4C54D9429A8AF4C0060F4DB /* CryptoCurrencyUITestsLaunchTests.swift in Sources */ = {isa = PBXBuildFile; fileRef = E4C54D9329A8AF4C0060F4DB /* CryptoCurrencyUITestsLaunchTests.swift */; };
		E4C54DA329A8B10B0060F4DB /* Model in Frameworks */ = {isa = PBXBuildFile; productRef = E4C54DA229A8B10B0060F4DB /* Model */; };
		E4C54DA629A8B1A10060F4DB /* Network in Frameworks */ = {isa = PBXBuildFile; productRef = E4C54DA529A8B1A10060F4DB /* Network */; };
		E4C54DA929A8B1D80060F4DB /* Domain in Frameworks */ = {isa = PBXBuildFile; productRef = E4C54DA829A8B1D80060F4DB /* Domain */; };
		E4C54DAC29A8DBD10060F4DB /* AppConfig.swift in Sources */ = {isa = PBXBuildFile; fileRef = E4C54DAB29A8DBD10060F4DB /* AppConfig.swift */; };
		E4C54DB129A8F9010060F4DB /* RootViewModel.swift in Sources */ = {isa = PBXBuildFile; fileRef = E4C54DB029A8F9010060F4DB /* RootViewModel.swift */; };
		E4C54DB329A8F9240060F4DB /* RootView.swift in Sources */ = {isa = PBXBuildFile; fileRef = E4C54DB229A8F9240060F4DB /* RootView.swift */; };
/* End PBXBuildFile section */

/* Begin PBXContainerItemProxy section */
		E4C54D8429A8AF4B0060F4DB /* PBXContainerItemProxy */ = {
			isa = PBXContainerItemProxy;
			containerPortal = E4C54D6B29A8AF490060F4DB /* Project object */;
			proxyType = 1;
			remoteGlobalIDString = E4C54D7229A8AF490060F4DB;
			remoteInfo = CryptoCurrency;
		};
		E4C54D8E29A8AF4C0060F4DB /* PBXContainerItemProxy */ = {
			isa = PBXContainerItemProxy;
			containerPortal = E4C54D6B29A8AF490060F4DB /* Project object */;
			proxyType = 1;
			remoteGlobalIDString = E4C54D7229A8AF490060F4DB;
			remoteInfo = CryptoCurrency;
		};
/* End PBXContainerItemProxy section */

/* Begin PBXFileReference section */
		E48167A229AF8ADA00BBBB1C /* Navigation */ = {isa = PBXFileReference; lastKnownFileType = wrapper; path = Navigation; sourceTree = "<group>"; };
		E48167A629AF8FF500BBBB1C /* AppDestinationViewer.swift */ = {isa = PBXFileReference; lastKnownFileType = sourcecode.swift; path = AppDestinationViewer.swift; sourceTree = "<group>"; };
		E48167A929AF903300BBBB1C /* DashboardView.swift */ = {isa = PBXFileReference; lastKnownFileType = sourcecode.swift; path = DashboardView.swift; sourceTree = "<group>"; };
		E48167AC29AF904700BBBB1C /* ProfileView.swift */ = {isa = PBXFileReference; lastKnownFileType = sourcecode.swift; path = ProfileView.swift; sourceTree = "<group>"; };
		E48167AF29AF905E00BBBB1C /* CoinDetailView.swift */ = {isa = PBXFileReference; lastKnownFileType = sourcecode.swift; path = CoinDetailView.swift; sourceTree = "<group>"; };
		E48167B229AF95EA00BBBB1C /* TabBarView.swift */ = {isa = PBXFileReference; lastKnownFileType = sourcecode.swift; path = TabBarView.swift; sourceTree = "<group>"; };
		E48167B429AF95F800BBBB1C /* TabBarViewModel.swift */ = {isa = PBXFileReference; lastKnownFileType = sourcecode.swift; path = TabBarViewModel.swift; sourceTree = "<group>"; };
		E4C54D7329A8AF490060F4DB /* CryptoCurrency.app */ = {isa = PBXFileReference; explicitFileType = wrapper.application; includeInIndex = 0; path = CryptoCurrency.app; sourceTree = BUILT_PRODUCTS_DIR; };
		E4C54D7629A8AF490060F4DB /* CryptoCurrencyApp.swift */ = {isa = PBXFileReference; lastKnownFileType = sourcecode.swift; path = CryptoCurrencyApp.swift; sourceTree = "<group>"; };
		E4C54D7829A8AF490060F4DB /* ContentView.swift */ = {isa = PBXFileReference; lastKnownFileType = sourcecode.swift; path = ContentView.swift; sourceTree = "<group>"; };
		E4C54D7A29A8AF4B0060F4DB /* Assets.xcassets */ = {isa = PBXFileReference; lastKnownFileType = folder.assetcatalog; path = Assets.xcassets; sourceTree = "<group>"; };
		E4C54D7D29A8AF4B0060F4DB /* Preview Assets.xcassets */ = {isa = PBXFileReference; lastKnownFileType = folder.assetcatalog; path = "Preview Assets.xcassets"; sourceTree = "<group>"; };
		E4C54D8329A8AF4B0060F4DB /* CryptoCurrencyTests.xctest */ = {isa = PBXFileReference; explicitFileType = wrapper.cfbundle; includeInIndex = 0; path = CryptoCurrencyTests.xctest; sourceTree = BUILT_PRODUCTS_DIR; };
		E4C54D8729A8AF4B0060F4DB /* CryptoCurrencyTests.swift */ = {isa = PBXFileReference; lastKnownFileType = sourcecode.swift; path = CryptoCurrencyTests.swift; sourceTree = "<group>"; };
		E4C54D8D29A8AF4C0060F4DB /* CryptoCurrencyUITests.xctest */ = {isa = PBXFileReference; explicitFileType = wrapper.cfbundle; includeInIndex = 0; path = CryptoCurrencyUITests.xctest; sourceTree = BUILT_PRODUCTS_DIR; };
		E4C54D9129A8AF4C0060F4DB /* CryptoCurrencyUITests.swift */ = {isa = PBXFileReference; lastKnownFileType = sourcecode.swift; path = CryptoCurrencyUITests.swift; sourceTree = "<group>"; };
		E4C54D9329A8AF4C0060F4DB /* CryptoCurrencyUITestsLaunchTests.swift */ = {isa = PBXFileReference; lastKnownFileType = sourcecode.swift; path = CryptoCurrencyUITestsLaunchTests.swift; sourceTree = "<group>"; };
		E4C54DA029A8B0E50060F4DB /* Model */ = {isa = PBXFileReference; lastKnownFileType = wrapper; path = Model; sourceTree = "<group>"; };
		E4C54DA429A8B18F0060F4DB /* Network */ = {isa = PBXFileReference; lastKnownFileType = wrapper; path = Network; sourceTree = "<group>"; };
		E4C54DA729A8B1CA0060F4DB /* Domain */ = {isa = PBXFileReference; lastKnownFileType = wrapper; path = Domain; sourceTree = "<group>"; };
		E4C54DAB29A8DBD10060F4DB /* AppConfig.swift */ = {isa = PBXFileReference; lastKnownFileType = sourcecode.swift; path = AppConfig.swift; sourceTree = "<group>"; };
		E4C54DB029A8F9010060F4DB /* RootViewModel.swift */ = {isa = PBXFileReference; lastKnownFileType = sourcecode.swift; path = RootViewModel.swift; sourceTree = "<group>"; };
		E4C54DB229A8F9240060F4DB /* RootView.swift */ = {isa = PBXFileReference; lastKnownFileType = sourcecode.swift; path = RootView.swift; sourceTree = "<group>"; };
/* End PBXFileReference section */

/* Begin PBXFrameworksBuildPhase section */
		E4C54D7029A8AF490060F4DB /* Frameworks */ = {
			isa = PBXFrameworksBuildPhase;
			buildActionMask = 2147483647;
			files = (
				E4C54DA929A8B1D80060F4DB /* Domain in Frameworks */,
				E4C54DA329A8B10B0060F4DB /* Model in Frameworks */,
				E48167A429AF8AF700BBBB1C /* Navigation in Frameworks */,
				E4C54DA629A8B1A10060F4DB /* Network in Frameworks */,
			);
			runOnlyForDeploymentPostprocessing = 0;
		};
		E4C54D8029A8AF4B0060F4DB /* Frameworks */ = {
			isa = PBXFrameworksBuildPhase;
			buildActionMask = 2147483647;
			files = (
			);
			runOnlyForDeploymentPostprocessing = 0;
		};
		E4C54D8A29A8AF4C0060F4DB /* Frameworks */ = {
			isa = PBXFrameworksBuildPhase;
			buildActionMask = 2147483647;
			files = (
			);
			runOnlyForDeploymentPostprocessing = 0;
		};
/* End PBXFrameworksBuildPhase section */

/* Begin PBXGroup section */
		E48167A529AF8FCD00BBBB1C /* AppNavigation */ = {
			isa = PBXGroup;
			children = (
				E48167A629AF8FF500BBBB1C /* AppDestinationViewer.swift */,
			);
			path = AppNavigation;
			sourceTree = "<group>";
		};
		E48167A829AF901A00BBBB1C /* Dashboard */ = {
			isa = PBXGroup;
			children = (
				E48167A929AF903300BBBB1C /* DashboardView.swift */,
			);
			path = Dashboard;
			sourceTree = "<group>";
		};
		E48167AB29AF903900BBBB1C /* Profile */ = {
			isa = PBXGroup;
			children = (
				E48167AC29AF904700BBBB1C /* ProfileView.swift */,
			);
			path = Profile;
			sourceTree = "<group>";
		};
		E48167AE29AF904C00BBBB1C /* CoinDetail */ = {
			isa = PBXGroup;
			children = (
				E48167AF29AF905E00BBBB1C /* CoinDetailView.swift */,
			);
			path = CoinDetail;
			sourceTree = "<group>";
		};
		E48167B129AF95D300BBBB1C /* TabBar */ = {
			isa = PBXGroup;
			children = (
				E48167B229AF95EA00BBBB1C /* TabBarView.swift */,
				E48167B429AF95F800BBBB1C /* TabBarViewModel.swift */,
			);
			path = TabBar;
			sourceTree = "<group>";
		};
		E4C54D6A29A8AF490060F4DB = {
			isa = PBXGroup;
			children = (
				E48167A229AF8ADA00BBBB1C /* Navigation */,
				E4C54DA729A8B1CA0060F4DB /* Domain */,
				E4C54DA429A8B18F0060F4DB /* Network */,
				E4C54DA029A8B0E50060F4DB /* Model */,
				E4C54D7529A8AF490060F4DB /* CryptoCurrency */,
				E4C54D8629A8AF4B0060F4DB /* CryptoCurrencyTests */,
				E4C54D9029A8AF4C0060F4DB /* CryptoCurrencyUITests */,
				E4C54D7429A8AF490060F4DB /* Products */,
				E4C54DA129A8B10B0060F4DB /* Frameworks */,
			);
			sourceTree = "<group>";
		};
		E4C54D7429A8AF490060F4DB /* Products */ = {
			isa = PBXGroup;
			children = (
				E4C54D7329A8AF490060F4DB /* CryptoCurrency.app */,
				E4C54D8329A8AF4B0060F4DB /* CryptoCurrencyTests.xctest */,
				E4C54D8D29A8AF4C0060F4DB /* CryptoCurrencyUITests.xctest */,
			);
			name = Products;
			sourceTree = "<group>";
		};
		E4C54D7529A8AF490060F4DB /* CryptoCurrency */ = {
			isa = PBXGroup;
			children = (
				E48167A529AF8FCD00BBBB1C /* AppNavigation */,
				E4C54DAD29A8F8DD0060F4DB /* Presentation */,
				E4C54DAA29A8DBC00060F4DB /* Config */,
				E4C54D7629A8AF490060F4DB /* CryptoCurrencyApp.swift */,
				E4C54D7829A8AF490060F4DB /* ContentView.swift */,
				E4C54D7A29A8AF4B0060F4DB /* Assets.xcassets */,
				E4C54D7C29A8AF4B0060F4DB /* Preview Content */,
			);
			path = CryptoCurrency;
			sourceTree = "<group>";
		};
		E4C54D7C29A8AF4B0060F4DB /* Preview Content */ = {
			isa = PBXGroup;
			children = (
				E4C54D7D29A8AF4B0060F4DB /* Preview Assets.xcassets */,
			);
			path = "Preview Content";
			sourceTree = "<group>";
		};
		E4C54D8629A8AF4B0060F4DB /* CryptoCurrencyTests */ = {
			isa = PBXGroup;
			children = (
				E4C54D8729A8AF4B0060F4DB /* CryptoCurrencyTests.swift */,
			);
			path = CryptoCurrencyTests;
			sourceTree = "<group>";
		};
		E4C54D9029A8AF4C0060F4DB /* CryptoCurrencyUITests */ = {
			isa = PBXGroup;
			children = (
				E4C54D9129A8AF4C0060F4DB /* CryptoCurrencyUITests.swift */,
				E4C54D9329A8AF4C0060F4DB /* CryptoCurrencyUITestsLaunchTests.swift */,
			);
			path = CryptoCurrencyUITests;
			sourceTree = "<group>";
		};
		E4C54DA129A8B10B0060F4DB /* Frameworks */ = {
			isa = PBXGroup;
			children = (
			);
			name = Frameworks;
			sourceTree = "<group>";
		};
		E4C54DAA29A8DBC00060F4DB /* Config */ = {
			isa = PBXGroup;
			children = (
				E4C54DAB29A8DBD10060F4DB /* AppConfig.swift */,
			);
			path = Config;
			sourceTree = "<group>";
		};
		E4C54DAD29A8F8DD0060F4DB /* Presentation */ = {
			isa = PBXGroup;
			children = (
				E4C54DAE29A8F8EB0060F4DB /* Flows */,
			);
			path = Presentation;
			sourceTree = "<group>";
		};
		E4C54DAE29A8F8EB0060F4DB /* Flows */ = {
			isa = PBXGroup;
			children = (
				E48167B129AF95D300BBBB1C /* TabBar */,
				E48167AE29AF904C00BBBB1C /* CoinDetail */,
				E48167A829AF901A00BBBB1C /* Dashboard */,
				E48167AB29AF903900BBBB1C /* Profile */,
				E4C54DAF29A8F8F20060F4DB /* Root */,
			);
			path = Flows;
			sourceTree = "<group>";
		};
		E4C54DAF29A8F8F20060F4DB /* Root */ = {
			isa = PBXGroup;
			children = (
				E4C54DB029A8F9010060F4DB /* RootViewModel.swift */,
				E4C54DB229A8F9240060F4DB /* RootView.swift */,
			);
			path = Root;
			sourceTree = "<group>";
		};
/* End PBXGroup section */

/* Begin PBXNativeTarget section */
		E4C54D7229A8AF490060F4DB /* CryptoCurrency */ = {
			isa = PBXNativeTarget;
			buildConfigurationList = E4C54D9729A8AF4C0060F4DB /* Build configuration list for PBXNativeTarget "CryptoCurrency" */;
			buildPhases = (
				E4C54D6F29A8AF490060F4DB /* Sources */,
				E4C54D7029A8AF490060F4DB /* Frameworks */,
				E4C54D7129A8AF490060F4DB /* Resources */,
			);
			buildRules = (
			);
			dependencies = (
			);
			name = CryptoCurrency;
			packageProductDependencies = (
				E4C54DA229A8B10B0060F4DB /* Model */,
				E4C54DA529A8B1A10060F4DB /* Network */,
				E4C54DA829A8B1D80060F4DB /* Domain */,
				E48167A329AF8AF700BBBB1C /* Navigation */,
			);
			productName = CryptoCurrency;
			productReference = E4C54D7329A8AF490060F4DB /* CryptoCurrency.app */;
			productType = "com.apple.product-type.application";
		};
		E4C54D8229A8AF4B0060F4DB /* CryptoCurrencyTests */ = {
			isa = PBXNativeTarget;
			buildConfigurationList = E4C54D9A29A8AF4C0060F4DB /* Build configuration list for PBXNativeTarget "CryptoCurrencyTests" */;
			buildPhases = (
				E4C54D7F29A8AF4B0060F4DB /* Sources */,
				E4C54D8029A8AF4B0060F4DB /* Frameworks */,
				E4C54D8129A8AF4B0060F4DB /* Resources */,
			);
			buildRules = (
			);
			dependencies = (
				E4C54D8529A8AF4B0060F4DB /* PBXTargetDependency */,
			);
			name = CryptoCurrencyTests;
			productName = CryptoCurrencyTests;
			productReference = E4C54D8329A8AF4B0060F4DB /* CryptoCurrencyTests.xctest */;
			productType = "com.apple.product-type.bundle.unit-test";
		};
		E4C54D8C29A8AF4C0060F4DB /* CryptoCurrencyUITests */ = {
			isa = PBXNativeTarget;
			buildConfigurationList = E4C54D9D29A8AF4C0060F4DB /* Build configuration list for PBXNativeTarget "CryptoCurrencyUITests" */;
			buildPhases = (
				E4C54D8929A8AF4C0060F4DB /* Sources */,
				E4C54D8A29A8AF4C0060F4DB /* Frameworks */,
				E4C54D8B29A8AF4C0060F4DB /* Resources */,
			);
			buildRules = (
			);
			dependencies = (
				E4C54D8F29A8AF4C0060F4DB /* PBXTargetDependency */,
			);
			name = CryptoCurrencyUITests;
			productName = CryptoCurrencyUITests;
			productReference = E4C54D8D29A8AF4C0060F4DB /* CryptoCurrencyUITests.xctest */;
			productType = "com.apple.product-type.bundle.ui-testing";
		};
/* End PBXNativeTarget section */

/* Begin PBXProject section */
		E4C54D6B29A8AF490060F4DB /* Project object */ = {
			isa = PBXProject;
			attributes = {
				BuildIndependentTargetsInParallel = 1;
				LastSwiftUpdateCheck = 1420;
				LastUpgradeCheck = 1420;
				TargetAttributes = {
					E4C54D7229A8AF490060F4DB = {
						CreatedOnToolsVersion = 14.2;
					};
					E4C54D8229A8AF4B0060F4DB = {
						CreatedOnToolsVersion = 14.2;
						TestTargetID = E4C54D7229A8AF490060F4DB;
					};
					E4C54D8C29A8AF4C0060F4DB = {
						CreatedOnToolsVersion = 14.2;
						TestTargetID = E4C54D7229A8AF490060F4DB;
					};
				};
			};
			buildConfigurationList = E4C54D6E29A8AF490060F4DB /* Build configuration list for PBXProject "CryptoCurrency" */;
			compatibilityVersion = "Xcode 14.0";
			developmentRegion = en;
			hasScannedForEncodings = 0;
			knownRegions = (
				en,
				Base,
			);
			mainGroup = E4C54D6A29A8AF490060F4DB;
			productRefGroup = E4C54D7429A8AF490060F4DB /* Products */;
			projectDirPath = "";
			projectRoot = "";
			targets = (
				E4C54D7229A8AF490060F4DB /* CryptoCurrency */,
				E4C54D8229A8AF4B0060F4DB /* CryptoCurrencyTests */,
				E4C54D8C29A8AF4C0060F4DB /* CryptoCurrencyUITests */,
			);
		};
/* End PBXProject section */

/* Begin PBXResourcesBuildPhase section */
		E4C54D7129A8AF490060F4DB /* Resources */ = {
			isa = PBXResourcesBuildPhase;
			buildActionMask = 2147483647;
			files = (
				E4C54D7E29A8AF4B0060F4DB /* Preview Assets.xcassets in Resources */,
				E4C54D7B29A8AF4B0060F4DB /* Assets.xcassets in Resources */,
			);
			runOnlyForDeploymentPostprocessing = 0;
		};
		E4C54D8129A8AF4B0060F4DB /* Resources */ = {
			isa = PBXResourcesBuildPhase;
			buildActionMask = 2147483647;
			files = (
			);
			runOnlyForDeploymentPostprocessing = 0;
		};
		E4C54D8B29A8AF4C0060F4DB /* Resources */ = {
			isa = PBXResourcesBuildPhase;
			buildActionMask = 2147483647;
			files = (
			);
			runOnlyForDeploymentPostprocessing = 0;
		};
/* End PBXResourcesBuildPhase section */

/* Begin PBXSourcesBuildPhase section */
		E4C54D6F29A8AF490060F4DB /* Sources */ = {
			isa = PBXSourcesBuildPhase;
			buildActionMask = 2147483647;
			files = (
				E48167AD29AF904700BBBB1C /* ProfileView.swift in Sources */,
				E4C54DAC29A8DBD10060F4DB /* AppConfig.swift in Sources */,
				E4C54D7929A8AF490060F4DB /* ContentView.swift in Sources */,
				E4C54DB129A8F9010060F4DB /* RootViewModel.swift in Sources */,
				E48167AA29AF903300BBBB1C /* DashboardView.swift in Sources */,
				E48167B029AF905E00BBBB1C /* CoinDetailView.swift in Sources */,
				E4C54D7729A8AF490060F4DB /* CryptoCurrencyApp.swift in Sources */,
				E48167A729AF8FF500BBBB1C /* AppDestinationViewer.swift in Sources */,
				E48167B329AF95EA00BBBB1C /* TabBarView.swift in Sources */,
				E48167B529AF95F800BBBB1C /* TabBarViewModel.swift in Sources */,
				E4C54DB329A8F9240060F4DB /* RootView.swift in Sources */,
			);
			runOnlyForDeploymentPostprocessing = 0;
		};
		E4C54D7F29A8AF4B0060F4DB /* Sources */ = {
			isa = PBXSourcesBuildPhase;
			buildActionMask = 2147483647;
			files = (
				E4C54D8829A8AF4B0060F4DB /* CryptoCurrencyTests.swift in Sources */,
			);
			runOnlyForDeploymentPostprocessing = 0;
		};
		E4C54D8929A8AF4C0060F4DB /* Sources */ = {
			isa = PBXSourcesBuildPhase;
			buildActionMask = 2147483647;
			files = (
				E4C54D9429A8AF4C0060F4DB /* CryptoCurrencyUITestsLaunchTests.swift in Sources */,
				E4C54D9229A8AF4C0060F4DB /* CryptoCurrencyUITests.swift in Sources */,
			);
			runOnlyForDeploymentPostprocessing = 0;
		};
/* End PBXSourcesBuildPhase section */

/* Begin PBXTargetDependency section */
		E4C54D8529A8AF4B0060F4DB /* PBXTargetDependency */ = {
			isa = PBXTargetDependency;
			target = E4C54D7229A8AF490060F4DB /* CryptoCurrency */;
			targetProxy = E4C54D8429A8AF4B0060F4DB /* PBXContainerItemProxy */;
		};
		E4C54D8F29A8AF4C0060F4DB /* PBXTargetDependency */ = {
			isa = PBXTargetDependency;
			target = E4C54D7229A8AF490060F4DB /* CryptoCurrency */;
			targetProxy = E4C54D8E29A8AF4C0060F4DB /* PBXContainerItemProxy */;
		};
/* End PBXTargetDependency section */

/* Begin XCBuildConfiguration section */
		E4C54D9529A8AF4C0060F4DB /* Debug */ = {
			isa = XCBuildConfiguration;
			buildSettings = {
				ALWAYS_SEARCH_USER_PATHS = NO;
				CLANG_ANALYZER_NONNULL = YES;
				CLANG_ANALYZER_NUMBER_OBJECT_CONVERSION = YES_AGGRESSIVE;
				CLANG_CXX_LANGUAGE_STANDARD = "gnu++20";
				CLANG_ENABLE_MODULES = YES;
				CLANG_ENABLE_OBJC_ARC = YES;
				CLANG_ENABLE_OBJC_WEAK = YES;
				CLANG_WARN_BLOCK_CAPTURE_AUTORELEASING = YES;
				CLANG_WARN_BOOL_CONVERSION = YES;
				CLANG_WARN_COMMA = YES;
				CLANG_WARN_CONSTANT_CONVERSION = YES;
				CLANG_WARN_DEPRECATED_OBJC_IMPLEMENTATIONS = YES;
				CLANG_WARN_DIRECT_OBJC_ISA_USAGE = YES_ERROR;
				CLANG_WARN_DOCUMENTATION_COMMENTS = YES;
				CLANG_WARN_EMPTY_BODY = YES;
				CLANG_WARN_ENUM_CONVERSION = YES;
				CLANG_WARN_INFINITE_RECURSION = YES;
				CLANG_WARN_INT_CONVERSION = YES;
				CLANG_WARN_NON_LITERAL_NULL_CONVERSION = YES;
				CLANG_WARN_OBJC_IMPLICIT_RETAIN_SELF = YES;
				CLANG_WARN_OBJC_LITERAL_CONVERSION = YES;
				CLANG_WARN_OBJC_ROOT_CLASS = YES_ERROR;
				CLANG_WARN_QUOTED_INCLUDE_IN_FRAMEWORK_HEADER = YES;
				CLANG_WARN_RANGE_LOOP_ANALYSIS = YES;
				CLANG_WARN_STRICT_PROTOTYPES = YES;
				CLANG_WARN_SUSPICIOUS_MOVE = YES;
				CLANG_WARN_UNGUARDED_AVAILABILITY = YES_AGGRESSIVE;
				CLANG_WARN_UNREACHABLE_CODE = YES;
				CLANG_WARN__DUPLICATE_METHOD_MATCH = YES;
				COPY_PHASE_STRIP = NO;
				DEBUG_INFORMATION_FORMAT = dwarf;
				ENABLE_STRICT_OBJC_MSGSEND = YES;
				ENABLE_TESTABILITY = YES;
				GCC_C_LANGUAGE_STANDARD = gnu11;
				GCC_DYNAMIC_NO_PIC = NO;
				GCC_NO_COMMON_BLOCKS = YES;
				GCC_OPTIMIZATION_LEVEL = 0;
				GCC_PREPROCESSOR_DEFINITIONS = (
					"DEBUG=1",
					"$(inherited)",
				);
				GCC_WARN_64_TO_32_BIT_CONVERSION = YES;
				GCC_WARN_ABOUT_RETURN_TYPE = YES_ERROR;
				GCC_WARN_UNDECLARED_SELECTOR = YES;
				GCC_WARN_UNINITIALIZED_AUTOS = YES_AGGRESSIVE;
				GCC_WARN_UNUSED_FUNCTION = YES;
				GCC_WARN_UNUSED_VARIABLE = YES;
				IPHONEOS_DEPLOYMENT_TARGET = 16.2;
				MTL_ENABLE_DEBUG_INFO = INCLUDE_SOURCE;
				MTL_FAST_MATH = YES;
				ONLY_ACTIVE_ARCH = YES;
				SDKROOT = iphoneos;
				SWIFT_ACTIVE_COMPILATION_CONDITIONS = DEBUG;
				SWIFT_OPTIMIZATION_LEVEL = "-Onone";
			};
			name = Debug;
		};
		E4C54D9629A8AF4C0060F4DB /* Release */ = {
			isa = XCBuildConfiguration;
			buildSettings = {
				ALWAYS_SEARCH_USER_PATHS = NO;
				CLANG_ANALYZER_NONNULL = YES;
				CLANG_ANALYZER_NUMBER_OBJECT_CONVERSION = YES_AGGRESSIVE;
				CLANG_CXX_LANGUAGE_STANDARD = "gnu++20";
				CLANG_ENABLE_MODULES = YES;
				CLANG_ENABLE_OBJC_ARC = YES;
				CLANG_ENABLE_OBJC_WEAK = YES;
				CLANG_WARN_BLOCK_CAPTURE_AUTORELEASING = YES;
				CLANG_WARN_BOOL_CONVERSION = YES;
				CLANG_WARN_COMMA = YES;
				CLANG_WARN_CONSTANT_CONVERSION = YES;
				CLANG_WARN_DEPRECATED_OBJC_IMPLEMENTATIONS = YES;
				CLANG_WARN_DIRECT_OBJC_ISA_USAGE = YES_ERROR;
				CLANG_WARN_DOCUMENTATION_COMMENTS = YES;
				CLANG_WARN_EMPTY_BODY = YES;
				CLANG_WARN_ENUM_CONVERSION = YES;
				CLANG_WARN_INFINITE_RECURSION = YES;
				CLANG_WARN_INT_CONVERSION = YES;
				CLANG_WARN_NON_LITERAL_NULL_CONVERSION = YES;
				CLANG_WARN_OBJC_IMPLICIT_RETAIN_SELF = YES;
				CLANG_WARN_OBJC_LITERAL_CONVERSION = YES;
				CLANG_WARN_OBJC_ROOT_CLASS = YES_ERROR;
				CLANG_WARN_QUOTED_INCLUDE_IN_FRAMEWORK_HEADER = YES;
				CLANG_WARN_RANGE_LOOP_ANALYSIS = YES;
				CLANG_WARN_STRICT_PROTOTYPES = YES;
				CLANG_WARN_SUSPICIOUS_MOVE = YES;
				CLANG_WARN_UNGUARDED_AVAILABILITY = YES_AGGRESSIVE;
				CLANG_WARN_UNREACHABLE_CODE = YES;
				CLANG_WARN__DUPLICATE_METHOD_MATCH = YES;
				COPY_PHASE_STRIP = NO;
				DEBUG_INFORMATION_FORMAT = "dwarf-with-dsym";
				ENABLE_NS_ASSERTIONS = NO;
				ENABLE_STRICT_OBJC_MSGSEND = YES;
				GCC_C_LANGUAGE_STANDARD = gnu11;
				GCC_NO_COMMON_BLOCKS = YES;
				GCC_WARN_64_TO_32_BIT_CONVERSION = YES;
				GCC_WARN_ABOUT_RETURN_TYPE = YES_ERROR;
				GCC_WARN_UNDECLARED_SELECTOR = YES;
				GCC_WARN_UNINITIALIZED_AUTOS = YES_AGGRESSIVE;
				GCC_WARN_UNUSED_FUNCTION = YES;
				GCC_WARN_UNUSED_VARIABLE = YES;
				IPHONEOS_DEPLOYMENT_TARGET = 16.2;
				MTL_ENABLE_DEBUG_INFO = NO;
				MTL_FAST_MATH = YES;
				SDKROOT = iphoneos;
				SWIFT_COMPILATION_MODE = wholemodule;
				SWIFT_OPTIMIZATION_LEVEL = "-O";
				VALIDATE_PRODUCT = YES;
			};
			name = Release;
		};
		E4C54D9829A8AF4C0060F4DB /* Debug */ = {
			isa = XCBuildConfiguration;
			buildSettings = {
				ASSETCATALOG_COMPILER_APPICON_NAME = AppIcon;
				ASSETCATALOG_COMPILER_GLOBAL_ACCENT_COLOR_NAME = AccentColor;
				CODE_SIGN_STYLE = Automatic;
				CURRENT_PROJECT_VERSION = 1;
				DEVELOPMENT_ASSET_PATHS = "\"CryptoCurrency/Preview Content\"";
				DEVELOPMENT_TEAM = 58276YCSXY;
				ENABLE_PREVIEWS = YES;
				GENERATE_INFOPLIST_FILE = YES;
				INFOPLIST_KEY_UIApplicationSceneManifest_Generation = YES;
				INFOPLIST_KEY_UIApplicationSupportsIndirectInputEvents = YES;
				INFOPLIST_KEY_UILaunchScreen_Generation = YES;
				INFOPLIST_KEY_UISupportedInterfaceOrientations_iPad = "UIInterfaceOrientationPortrait UIInterfaceOrientationPortraitUpsideDown UIInterfaceOrientationLandscapeLeft UIInterfaceOrientationLandscapeRight";
				INFOPLIST_KEY_UISupportedInterfaceOrientations_iPhone = "UIInterfaceOrientationPortrait UIInterfaceOrientationLandscapeLeft UIInterfaceOrientationLandscapeRight";
				IPHONEOS_DEPLOYMENT_TARGET = 16.0;
				LD_RUNPATH_SEARCH_PATHS = (
					"$(inherited)",
					"@executable_path/Frameworks",
				);
				MARKETING_VERSION = 1.0;
				PRODUCT_BUNDLE_IDENTIFIER = com.olof.CryptoCurrency;
				PRODUCT_NAME = "$(TARGET_NAME)";
				SUPPORTED_PLATFORMS = "iphoneos iphonesimulator";
				SUPPORTS_MACCATALYST = NO;
				SUPPORTS_MAC_DESIGNED_FOR_IPHONE_IPAD = NO;
				SWIFT_EMIT_LOC_STRINGS = YES;
				SWIFT_VERSION = 5.0;
				TARGETED_DEVICE_FAMILY = 1;
			};
			name = Debug;
		};
		E4C54D9929A8AF4C0060F4DB /* Release */ = {
			isa = XCBuildConfiguration;
			buildSettings = {
				ASSETCATALOG_COMPILER_APPICON_NAME = AppIcon;
				ASSETCATALOG_COMPILER_GLOBAL_ACCENT_COLOR_NAME = AccentColor;
				CODE_SIGN_STYLE = Automatic;
				CURRENT_PROJECT_VERSION = 1;
				DEVELOPMENT_ASSET_PATHS = "\"CryptoCurrency/Preview Content\"";
				DEVELOPMENT_TEAM = 58276YCSXY;
				ENABLE_PREVIEWS = YES;
				GENERATE_INFOPLIST_FILE = YES;
				INFOPLIST_KEY_UIApplicationSceneManifest_Generation = YES;
				INFOPLIST_KEY_UIApplicationSupportsIndirectInputEvents = YES;
				INFOPLIST_KEY_UILaunchScreen_Generation = YES;
				INFOPLIST_KEY_UISupportedInterfaceOrientations_iPad = "UIInterfaceOrientationPortrait UIInterfaceOrientationPortraitUpsideDown UIInterfaceOrientationLandscapeLeft UIInterfaceOrientationLandscapeRight";
				INFOPLIST_KEY_UISupportedInterfaceOrientations_iPhone = "UIInterfaceOrientationPortrait UIInterfaceOrientationLandscapeLeft UIInterfaceOrientationLandscapeRight";
				IPHONEOS_DEPLOYMENT_TARGET = 16.0;
				LD_RUNPATH_SEARCH_PATHS = (
					"$(inherited)",
					"@executable_path/Frameworks",
				);
				MARKETING_VERSION = 1.0;
				PRODUCT_BUNDLE_IDENTIFIER = com.olof.CryptoCurrency;
				PRODUCT_NAME = "$(TARGET_NAME)";
				SUPPORTED_PLATFORMS = "iphoneos iphonesimulator";
				SUPPORTS_MACCATALYST = NO;
				SUPPORTS_MAC_DESIGNED_FOR_IPHONE_IPAD = NO;
				SWIFT_EMIT_LOC_STRINGS = YES;
				SWIFT_VERSION = 5.0;
				TARGETED_DEVICE_FAMILY = 1;
			};
			name = Release;
		};
		E4C54D9B29A8AF4C0060F4DB /* Debug */ = {
			isa = XCBuildConfiguration;
			buildSettings = {
				ALWAYS_EMBED_SWIFT_STANDARD_LIBRARIES = YES;
				BUNDLE_LOADER = "$(TEST_HOST)";
				CODE_SIGN_STYLE = Automatic;
				CURRENT_PROJECT_VERSION = 1;
				DEVELOPMENT_TEAM = 58276YCSXY;
				GENERATE_INFOPLIST_FILE = YES;
				IPHONEOS_DEPLOYMENT_TARGET = 16.2;
				MARKETING_VERSION = 1.0;
				PRODUCT_BUNDLE_IDENTIFIER = com.olof.CryptoCurrencyTests;
				PRODUCT_NAME = "$(TARGET_NAME)";
				SWIFT_EMIT_LOC_STRINGS = NO;
				SWIFT_VERSION = 5.0;
				TARGETED_DEVICE_FAMILY = "1,2";
				TEST_HOST = "$(BUILT_PRODUCTS_DIR)/CryptoCurrency.app/$(BUNDLE_EXECUTABLE_FOLDER_PATH)/CryptoCurrency";
			};
			name = Debug;
		};
		E4C54D9C29A8AF4C0060F4DB /* Release */ = {
			isa = XCBuildConfiguration;
			buildSettings = {
				ALWAYS_EMBED_SWIFT_STANDARD_LIBRARIES = YES;
				BUNDLE_LOADER = "$(TEST_HOST)";
				CODE_SIGN_STYLE = Automatic;
				CURRENT_PROJECT_VERSION = 1;
				DEVELOPMENT_TEAM = 58276YCSXY;
				GENERATE_INFOPLIST_FILE = YES;
				IPHONEOS_DEPLOYMENT_TARGET = 16.2;
				MARKETING_VERSION = 1.0;
				PRODUCT_BUNDLE_IDENTIFIER = com.olof.CryptoCurrencyTests;
				PRODUCT_NAME = "$(TARGET_NAME)";
				SWIFT_EMIT_LOC_STRINGS = NO;
				SWIFT_VERSION = 5.0;
				TARGETED_DEVICE_FAMILY = "1,2";
				TEST_HOST = "$(BUILT_PRODUCTS_DIR)/CryptoCurrency.app/$(BUNDLE_EXECUTABLE_FOLDER_PATH)/CryptoCurrency";
			};
			name = Release;
		};
		E4C54D9E29A8AF4C0060F4DB /* Debug */ = {
			isa = XCBuildConfiguration;
			buildSettings = {
				ALWAYS_EMBED_SWIFT_STANDARD_LIBRARIES = YES;
				CODE_SIGN_STYLE = Automatic;
				CURRENT_PROJECT_VERSION = 1;
				DEVELOPMENT_TEAM = 58276YCSXY;
				GENERATE_INFOPLIST_FILE = YES;
				MARKETING_VERSION = 1.0;
				PRODUCT_BUNDLE_IDENTIFIER = com.olof.CryptoCurrencyUITests;
				PRODUCT_NAME = "$(TARGET_NAME)";
				SWIFT_EMIT_LOC_STRINGS = NO;
				SWIFT_VERSION = 5.0;
				TARGETED_DEVICE_FAMILY = "1,2";
				TEST_TARGET_NAME = CryptoCurrency;
			};
			name = Debug;
		};
		E4C54D9F29A8AF4C0060F4DB /* Release */ = {
			isa = XCBuildConfiguration;
			buildSettings = {
				ALWAYS_EMBED_SWIFT_STANDARD_LIBRARIES = YES;
				CODE_SIGN_STYLE = Automatic;
				CURRENT_PROJECT_VERSION = 1;
				DEVELOPMENT_TEAM = 58276YCSXY;
				GENERATE_INFOPLIST_FILE = YES;
				MARKETING_VERSION = 1.0;
				PRODUCT_BUNDLE_IDENTIFIER = com.olof.CryptoCurrencyUITests;
				PRODUCT_NAME = "$(TARGET_NAME)";
				SWIFT_EMIT_LOC_STRINGS = NO;
				SWIFT_VERSION = 5.0;
				TARGETED_DEVICE_FAMILY = "1,2";
				TEST_TARGET_NAME = CryptoCurrency;
			};
			name = Release;
		};
/* End XCBuildConfiguration section */

/* Begin XCConfigurationList section */
		E4C54D6E29A8AF490060F4DB /* Build configuration list for PBXProject "CryptoCurrency" */ = {
			isa = XCConfigurationList;
			buildConfigurations = (
				E4C54D9529A8AF4C0060F4DB /* Debug */,
				E4C54D9629A8AF4C0060F4DB /* Release */,
			);
			defaultConfigurationIsVisible = 0;
			defaultConfigurationName = Release;
		};
		E4C54D9729A8AF4C0060F4DB /* Build configuration list for PBXNativeTarget "CryptoCurrency" */ = {
			isa = XCConfigurationList;
			buildConfigurations = (
				E4C54D9829A8AF4C0060F4DB /* Debug */,
				E4C54D9929A8AF4C0060F4DB /* Release */,
			);
			defaultConfigurationIsVisible = 0;
			defaultConfigurationName = Release;
		};
		E4C54D9A29A8AF4C0060F4DB /* Build configuration list for PBXNativeTarget "CryptoCurrencyTests" */ = {
			isa = XCConfigurationList;
			buildConfigurations = (
				E4C54D9B29A8AF4C0060F4DB /* Debug */,
				E4C54D9C29A8AF4C0060F4DB /* Release */,
			);
			defaultConfigurationIsVisible = 0;
			defaultConfigurationName = Release;
		};
		E4C54D9D29A8AF4C0060F4DB /* Build configuration list for PBXNativeTarget "CryptoCurrencyUITests" */ = {
			isa = XCConfigurationList;
			buildConfigurations = (
				E4C54D9E29A8AF4C0060F4DB /* Debug */,
				E4C54D9F29A8AF4C0060F4DB /* Release */,
			);
			defaultConfigurationIsVisible = 0;
			defaultConfigurationName = Release;
		};
/* End XCConfigurationList section */

/* Begin XCSwiftPackageProductDependency section */
		E48167A329AF8AF700BBBB1C /* Navigation */ = {
			isa = XCSwiftPackageProductDependency;
			productName = Navigation;
		};
		E4C54DA229A8B10B0060F4DB /* Model */ = {
			isa = XCSwiftPackageProductDependency;
			productName = Model;
		};
		E4C54DA529A8B1A10060F4DB /* Network */ = {
			isa = XCSwiftPackageProductDependency;
			productName = Network;
		};
		E4C54DA829A8B1D80060F4DB /* Domain */ = {
			isa = XCSwiftPackageProductDependency;
			productName = Domain;
		};
/* End XCSwiftPackageProductDependency section */
	};
	rootObject = E4C54D6B29A8AF490060F4DB /* Project object */;
}
